
Microsoft Visual Studio Solution File, Format Version 12.00
# Visual Studio Version 17
VisualStudioVersion = 17.10.35122.118
MinimumVisualStudioVersion = 10.0.40219.1
Project("{888888A0-9F3D-457C-B088-3A5042F75D52}") = "gentledolphin_Assignment08", "group_assignment08\gentledolphin_Assignment08.pyproj", "{11AE75B0-471C-4A18-9C18-4EE03341EB20}"
EndProject
Global
	GlobalSection(SolutionConfigurationPlatforms) = preSolution
		Debug|Any CPU = Debug|Any CPU
		Release|Any CPU = Release|Any CPU
	EndGlobalSection
	GlobalSection(ProjectConfigurationPlatforms) = postSolution
		{11AE75B0-471C-4A18-9C18-4EE03341EB20}.Debug|Any CPU.ActiveCfg = Debug|Any CPU
		{11AE75B0-471C-4A18-9C18-4EE03341EB20}.Release|Any CPU.ActiveCfg = Release|Any CPU
	EndGlobalSection
	GlobalSection(SolutionProperties) = preSolution
		HideSolutionNode = FALSE
	EndGlobalSection
	GlobalSection(ExtensibilityGlobals) = postSolution
		SolutionGuid = {D7244A87-8AF9-4B52-92FE-754247E70093}
	EndGlobalSection
EndGlobal
